{
  "name": "chaos-messenger",
  "version": "0.1.0",
  "lockfileVersion": 3,
  "requires": true,
  "packages": {
    "": {
      "name": "chaos-messenger",
      "version": "0.1.0",
      "license": "MIT",
      "workspaces": [
        "Frontend",
        "Backend",
        "Shared"
      ],
      "dependencies": {
        "chaos-messenger": "file:"
      },
      "engines": {
        "node": ">=18.0.0",
        "pnpm": ">=8.0.0"
      }
    },
    "node_modules/chaos-messenger": {
      "resolved": "",
      "link": true
    }
  }
}
